// !$*UTF8*$!
{
	archiveVersion = 1;
	classes = {
	};
	objectVersion = 48;
	objects = {

/* Begin PBXBuildFile section */
		9F6602D32259DB6200EBDEE0 /* InputViewController.swift in Sources */ = {isa = PBXBuildFile; fileRef = 9F6602D22259DB6200EBDEE0 /* InputViewController.swift */; };
		9F917E3D22A25672000067A4 /* FloatingButton.swift in Sources */ = {isa = PBXBuildFile; fileRef = 9F917E3C22A25672000067A4 /* FloatingButton.swift */; };
		9F917E4022A266F7000067A4 /* Speech.framework in Frameworks */ = {isa = PBXBuildFile; fileRef = 9F917E3F22A266F7000067A4 /* Speech.framework */; };
		9F917E4322A26794000067A4 /* ZZSpeechRecognizer.swift in Sources */ = {isa = PBXBuildFile; fileRef = 9F917E4222A26794000067A4 /* ZZSpeechRecognizer.swift */; };
		9F917E4522A267AC000067A4 /* AVFoundation.framework in Frameworks */ = {isa = PBXBuildFile; fileRef = 9F917E4422A267AC000067A4 /* AVFoundation.framework */; };
		9FE383CF22C2288400A6D39A /* BaseView.swift in Sources */ = {isa = PBXBuildFile; fileRef = 9FE383CE22C2288400A6D39A /* BaseView.swift */; };
		D6C7CC36A376E31A15F7A52A /* Pods_Scrip.framework in Frameworks */ = {isa = PBXBuildFile; fileRef = 694883753FD757F51A9D99DF /* Pods_Scrip.framework */; };
		FD836C33200E198000C773D9 /* AppDelegate.swift in Sources */ = {isa = PBXBuildFile; fileRef = FD836C32200E198000C773D9 /* AppDelegate.swift */; };
		FD836C35200E198000C773D9 /* ViewController.swift in Sources */ = {isa = PBXBuildFile; fileRef = FD836C34200E198000C773D9 /* ViewController.swift */; };
		FD836C38200E198000C773D9 /* Main.storyboard in Resources */ = {isa = PBXBuildFile; fileRef = FD836C36200E198000C773D9 /* Main.storyboard */; };
		FD836C3A200E198000C773D9 /* Assets.xcassets in Resources */ = {isa = PBXBuildFile; fileRef = FD836C39200E198000C773D9 /* Assets.xcassets */; };
		FD836C3D200E198000C773D9 /* LaunchScreen.storyboard in Resources */ = {isa = PBXBuildFile; fileRef = FD836C3B200E198000C773D9 /* LaunchScreen.storyboard */; };
		FD836C46200E2A9F00C773D9 /* UIImage+Logo.swift in Sources */ = {isa = PBXBuildFile; fileRef = FD836C45200E2A9F00C773D9 /* UIImage+Logo.swift */; };
		FD836C48200E342D00C773D9 /* Constant.swift in Sources */ = {isa = PBXBuildFile; fileRef = FD836C47200E342D00C773D9 /* Constant.swift */; };
		FD836C4B200E344500C773D9 /* Strings.swift in Sources */ = {isa = PBXBuildFile; fileRef = FD836C4A200E344500C773D9 /* Strings.swift */; };
		FD836C4E200E398000C773D9 /* UIView+Constrains.swift in Sources */ = {isa = PBXBuildFile; fileRef = FD836C4D200E398000C773D9 /* UIView+Constrains.swift */; };
		FD836C50200E46B600C773D9 /* UIFont+Scrip.swift in Sources */ = {isa = PBXBuildFile; fileRef = FD836C4F200E46B600C773D9 /* UIFont+Scrip.swift */; };
		FD836C52200E479400C773D9 /* UILabel+Scrip.swift in Sources */ = {isa = PBXBuildFile; fileRef = FD836C51200E479400C773D9 /* UILabel+Scrip.swift */; };
		FD836C54200E488E00C773D9 /* UIColor+Scrip.swift in Sources */ = {isa = PBXBuildFile; fileRef = FD836C53200E488E00C773D9 /* UIColor+Scrip.swift */; };
		FD836C5C200E4DB900C773D9 /* Localizable.strings in Resources */ = {isa = PBXBuildFile; fileRef = FD836C5E200E4DB900C773D9 /* Localizable.strings */; };
		FD836C64200E50B200C773D9 /* CircularPro-Book.otf in Resources */ = {isa = PBXBuildFile; fileRef = FD836C61200E50B100C773D9 /* CircularPro-Book.otf */; };
		FD836C65200E50B200C773D9 /* CircularPro-Bold.otf in Resources */ = {isa = PBXBuildFile; fileRef = FD836C62200E50B100C773D9 /* CircularPro-Bold.otf */; };
		FD836C66200E50B200C773D9 /* CircularPro-Medium.otf in Resources */ = {isa = PBXBuildFile; fileRef = FD836C63200E50B200C773D9 /* CircularPro-Medium.otf */; };
		FD836C6D200F747000C773D9 /* InfoPlist.strings in Resources */ = {isa = PBXBuildFile; fileRef = FD836C6F200F747000C773D9 /* InfoPlist.strings */; };
/* End PBXBuildFile section */

/* Begin PBXFileReference section */
		08A0A1549A9AD3B49E3C0116 /* Pods-Scrip.debug.xcconfig */ = {isa = PBXFileReference; includeInIndex = 1; lastKnownFileType = text.xcconfig; name = "Pods-Scrip.debug.xcconfig"; path = "Target Support Files/Pods-Scrip/Pods-Scrip.debug.xcconfig"; sourceTree = "<group>"; };
		0ACAC3C63E98C9B3CEBFAAC9 /* Pods-Scrip.release.xcconfig */ = {isa = PBXFileReference; includeInIndex = 1; lastKnownFileType = text.xcconfig; name = "Pods-Scrip.release.xcconfig"; path = "Target Support Files/Pods-Scrip/Pods-Scrip.release.xcconfig"; sourceTree = "<group>"; };
		694883753FD757F51A9D99DF /* Pods_Scrip.framework */ = {isa = PBXFileReference; explicitFileType = wrapper.framework; includeInIndex = 0; path = Pods_Scrip.framework; sourceTree = BUILT_PRODUCTS_DIR; };
		9F6602D22259DB6200EBDEE0 /* InputViewController.swift */ = {isa = PBXFileReference; lastKnownFileType = sourcecode.swift; path = InputViewController.swift; sourceTree = "<group>"; };
		9F917E3C22A25672000067A4 /* FloatingButton.swift */ = {isa = PBXFileReference; lastKnownFileType = sourcecode.swift; path = FloatingButton.swift; sourceTree = "<group>"; };
		9F917E3F22A266F7000067A4 /* Speech.framework */ = {isa = PBXFileReference; lastKnownFileType = wrapper.framework; name = Speech.framework; path = System/Library/Frameworks/Speech.framework; sourceTree = SDKROOT; };
		9F917E4222A26794000067A4 /* ZZSpeechRecognizer.swift */ = {isa = PBXFileReference; lastKnownFileType = sourcecode.swift; path = ZZSpeechRecognizer.swift; sourceTree = "<group>"; };
		9F917E4422A267AC000067A4 /* AVFoundation.framework */ = {isa = PBXFileReference; lastKnownFileType = wrapper.framework; name = AVFoundation.framework; path = System/Library/Frameworks/AVFoundation.framework; sourceTree = SDKROOT; };
		9FE383CE22C2288400A6D39A /* BaseView.swift */ = {isa = PBXFileReference; lastKnownFileType = sourcecode.swift; path = BaseView.swift; sourceTree = "<group>"; };
		FD836C2F200E198000C773D9 /* Scrip.app */ = {isa = PBXFileReference; explicitFileType = wrapper.application; includeInIndex = 0; path = Scrip.app; sourceTree = BUILT_PRODUCTS_DIR; };
		FD836C32200E198000C773D9 /* AppDelegate.swift */ = {isa = PBXFileReference; lastKnownFileType = sourcecode.swift; path = AppDelegate.swift; sourceTree = "<group>"; };
		FD836C34200E198000C773D9 /* ViewController.swift */ = {isa = PBXFileReference; lastKnownFileType = sourcecode.swift; path = ViewController.swift; sourceTree = "<group>"; };
		FD836C37200E198000C773D9 /* Base */ = {isa = PBXFileReference; lastKnownFileType = file.storyboard; name = Base; path = Base.lproj/Main.storyboard; sourceTree = "<group>"; };
		FD836C39200E198000C773D9 /* Assets.xcassets */ = {isa = PBXFileReference; lastKnownFileType = folder.assetcatalog; path = Assets.xcassets; sourceTree = "<group>"; };
		FD836C3C200E198000C773D9 /* Base */ = {isa = PBXFileReference; lastKnownFileType = file.storyboard; name = Base; path = Base.lproj/LaunchScreen.storyboard; sourceTree = "<group>"; };
		FD836C3E200E198000C773D9 /* Info.plist */ = {isa = PBXFileReference; lastKnownFileType = text.plist.xml; path = Info.plist; sourceTree = "<group>"; };
		FD836C45200E2A9F00C773D9 /* UIImage+Logo.swift */ = {isa = PBXFileReference; lastKnownFileType = sourcecode.swift; path = "UIImage+Logo.swift"; sourceTree = "<group>"; };
		FD836C47200E342D00C773D9 /* Constant.swift */ = {isa = PBXFileReference; lastKnownFileType = sourcecode.swift; path = Constant.swift; sourceTree = "<group>"; };
		FD836C4A200E344500C773D9 /* Strings.swift */ = {isa = PBXFileReference; lastKnownFileType = sourcecode.swift; path = Strings.swift; sourceTree = "<group>"; };
		FD836C4D200E398000C773D9 /* UIView+Constrains.swift */ = {isa = PBXFileReference; lastKnownFileType = sourcecode.swift; path = "UIView+Constrains.swift"; sourceTree = "<group>"; };
		FD836C4F200E46B600C773D9 /* UIFont+Scrip.swift */ = {isa = PBXFileReference; lastKnownFileType = sourcecode.swift; path = "UIFont+Scrip.swift"; sourceTree = "<group>"; };
		FD836C51200E479400C773D9 /* UILabel+Scrip.swift */ = {isa = PBXFileReference; lastKnownFileType = sourcecode.swift; path = "UILabel+Scrip.swift"; sourceTree = "<group>"; };
		FD836C53200E488E00C773D9 /* UIColor+Scrip.swift */ = {isa = PBXFileReference; lastKnownFileType = sourcecode.swift; path = "UIColor+Scrip.swift"; sourceTree = "<group>"; };
		FD836C55200E4C3C00C773D9 /* zh-Hans */ = {isa = PBXFileReference; lastKnownFileType = text.plist.strings; name = "zh-Hans"; path = "zh-Hans.lproj/Main.strings"; sourceTree = "<group>"; };
		FD836C56200E4C3C00C773D9 /* zh-Hans */ = {isa = PBXFileReference; lastKnownFileType = text.plist.strings; name = "zh-Hans"; path = "zh-Hans.lproj/LaunchScreen.strings"; sourceTree = "<group>"; };
		FD836C5D200E4DB900C773D9 /* en */ = {isa = PBXFileReference; lastKnownFileType = text.plist.strings; name = en; path = en.lproj/Localizable.strings; sourceTree = "<group>"; };
		FD836C5F200E4DBD00C773D9 /* zh-Hans */ = {isa = PBXFileReference; lastKnownFileType = text.plist.strings; name = "zh-Hans"; path = "zh-Hans.lproj/Localizable.strings"; sourceTree = "<group>"; };
		FD836C61200E50B100C773D9 /* CircularPro-Book.otf */ = {isa = PBXFileReference; lastKnownFileType = file; path = "CircularPro-Book.otf"; sourceTree = "<group>"; };
		FD836C62200E50B100C773D9 /* CircularPro-Bold.otf */ = {isa = PBXFileReference; lastKnownFileType = file; path = "CircularPro-Bold.otf"; sourceTree = "<group>"; };
		FD836C63200E50B200C773D9 /* CircularPro-Medium.otf */ = {isa = PBXFileReference; lastKnownFileType = file; path = "CircularPro-Medium.otf"; sourceTree = "<group>"; };
		FD836C6E200F747000C773D9 /* en */ = {isa = PBXFileReference; lastKnownFileType = text.plist.strings; name = en; path = en.lproj/InfoPlist.strings; sourceTree = "<group>"; };
		FD836C70200F747600C773D9 /* zh-Hans */ = {isa = PBXFileReference; lastKnownFileType = text.plist.strings; name = "zh-Hans"; path = "zh-Hans.lproj/InfoPlist.strings"; sourceTree = "<group>"; };
/* End PBXFileReference section */

/* Begin PBXFrameworksBuildPhase section */
		FD836C2C200E198000C773D9 /* Frameworks */ = {
			isa = PBXFrameworksBuildPhase;
			buildActionMask = 2147483647;
			files = (
				9F917E4522A267AC000067A4 /* AVFoundation.framework in Frameworks */,
				9F917E4022A266F7000067A4 /* Speech.framework in Frameworks */,
				D6C7CC36A376E31A15F7A52A /* Pods_Scrip.framework in Frameworks */,
			);
			runOnlyForDeploymentPostprocessing = 0;
		};
/* End PBXFrameworksBuildPhase section */

/* Begin PBXGroup section */
		718FDF656C3E0BE68832ECB7 /* Pods */ = {
			isa = PBXGroup;
			children = (
				08A0A1549A9AD3B49E3C0116 /* Pods-Scrip.debug.xcconfig */,
				0ACAC3C63E98C9B3CEBFAAC9 /* Pods-Scrip.release.xcconfig */,
			);
			path = Pods;
			sourceTree = "<group>";
		};
		9F6602CF2259D72D00EBDEE0 /* ViewController */ = {
			isa = PBXGroup;
			children = (
				FD836C34200E198000C773D9 /* ViewController.swift */,
				9F6602D22259DB6200EBDEE0 /* InputViewController.swift */,
			);
			path = ViewController;
			sourceTree = "<group>";
		};
		9F917E3E22A266F6000067A4 /* Frameworks */ = {
			isa = PBXGroup;
			children = (
				9F917E4422A267AC000067A4 /* AVFoundation.framework */,
				9F917E3F22A266F7000067A4 /* Speech.framework */,
				694883753FD757F51A9D99DF /* Pods_Scrip.framework */,
			);
			name = Frameworks;
			sourceTree = "<group>";
		};
		9F917E4122A2677D000067A4 /* Model */ = {
			isa = PBXGroup;
			children = (
				9F917E4222A26794000067A4 /* ZZSpeechRecognizer.swift */,
			);
			path = Model;
			sourceTree = "<group>";
		};
		FD836C26200E198000C773D9 = {
			isa = PBXGroup;
			children = (
				FD836C31200E198000C773D9 /* Scrip */,
				FD836C30200E198000C773D9 /* Products */,
				9F917E3E22A266F6000067A4 /* Frameworks */,
				718FDF656C3E0BE68832ECB7 /* Pods */,
			);
			sourceTree = "<group>";
		};
		FD836C30200E198000C773D9 /* Products */ = {
			isa = PBXGroup;
			children = (
				FD836C2F200E198000C773D9 /* Scrip.app */,
			);
			name = Products;
			sourceTree = "<group>";
		};
		FD836C31200E198000C773D9 /* Scrip */ = {
			isa = PBXGroup;
			children = (
				9F917E4122A2677D000067A4 /* Model */,
				9F6602CF2259D72D00EBDEE0 /* ViewController */,
				FD836C60200E50A300C773D9 /* Fonts */,
				FD836C57200E4C7700C773D9 /* Strings */,
				FD836C4C200E395A00C773D9 /* Extensions */,
				FD836C49200E343600C773D9 /* Constant */,
				FD836C44200E2A5A00C773D9 /* view */,
				FD836C32200E198000C773D9 /* AppDelegate.swift */,
				FD836C36200E198000C773D9 /* Main.storyboard */,
				FD836C39200E198000C773D9 /* Assets.xcassets */,
				FD836C3B200E198000C773D9 /* LaunchScreen.storyboard */,
				FD836C3E200E198000C773D9 /* Info.plist */,
			);
			path = Scrip;
			sourceTree = "<group>";
		};
		FD836C44200E2A5A00C773D9 /* view */ = {
			isa = PBXGroup;
			children = (
				FD836C45200E2A9F00C773D9 /* UIImage+Logo.swift */,
				9F917E3C22A25672000067A4 /* FloatingButton.swift */,
				9FE383CE22C2288400A6D39A /* BaseView.swift */,
			);
			path = view;
			sourceTree = "<group>";
		};
		FD836C49200E343600C773D9 /* Constant */ = {
			isa = PBXGroup;
			children = (
				FD836C47200E342D00C773D9 /* Constant.swift */,
				FD836C4A200E344500C773D9 /* Strings.swift */,
			);
			path = Constant;
			sourceTree = "<group>";
		};
		FD836C4C200E395A00C773D9 /* Extensions */ = {
			isa = PBXGroup;
			children = (
				FD836C4D200E398000C773D9 /* UIView+Constrains.swift */,
				FD836C4F200E46B600C773D9 /* UIFont+Scrip.swift */,
				FD836C51200E479400C773D9 /* UILabel+Scrip.swift */,
				FD836C53200E488E00C773D9 /* UIColor+Scrip.swift */,
			);
			path = Extensions;
			sourceTree = "<group>";
		};
		FD836C57200E4C7700C773D9 /* Strings */ = {
			isa = PBXGroup;
			children = (
				FD836C5E200E4DB900C773D9 /* Localizable.strings */,
				FD836C6F200F747000C773D9 /* InfoPlist.strings */,
			);
			path = Strings;
			sourceTree = "<group>";
		};
		FD836C60200E50A300C773D9 /* Fonts */ = {
			isa = PBXGroup;
			children = (
				FD836C62200E50B100C773D9 /* CircularPro-Bold.otf */,
				FD836C61200E50B100C773D9 /* CircularPro-Book.otf */,
				FD836C63200E50B200C773D9 /* CircularPro-Medium.otf */,
			);
			path = Fonts;
			sourceTree = "<group>";
		};
/* End PBXGroup section */

/* Begin PBXNativeTarget section */
		FD836C2E200E198000C773D9 /* Scrip */ = {
			isa = PBXNativeTarget;
			buildConfigurationList = FD836C41200E198000C773D9 /* Build configuration list for PBXNativeTarget "Scrip" */;
			buildPhases = (
				E52780D242A6D01D635A15D4 /* [CP] Check Pods Manifest.lock */,
				FD836C2B200E198000C773D9 /* Sources */,
				FD836C2C200E198000C773D9 /* Frameworks */,
				FD836C2D200E198000C773D9 /* Resources */,
				614A53C26D24FDD369CBDC55 /* [CP] Embed Pods Frameworks */,
			);
			buildRules = (
			);
			dependencies = (
			);
			name = Scrip;
			productName = Scrip;
			productReference = FD836C2F200E198000C773D9 /* Scrip.app */;
			productType = "com.apple.product-type.application";
		};
/* End PBXNativeTarget section */

/* Begin PBXProject section */
		FD836C27200E198000C773D9 /* Project object */ = {
			isa = PBXProject;
			attributes = {
				LastSwiftUpdateCheck = 0920;
				LastUpgradeCheck = 1010;
				ORGANIZATIONNAME = ZZStudio;
				TargetAttributes = {
					FD836C2E200E198000C773D9 = {
						CreatedOnToolsVersion = 9.2;
						LastSwiftMigration = 1010;
						ProvisioningStyle = Manual;
					};
				};
			};
			buildConfigurationList = FD836C2A200E198000C773D9 /* Build configuration list for PBXProject "Scrip" */;
			compatibilityVersion = "Xcode 8.0";
			developmentRegion = en;
			hasScannedForEncodings = 0;
			knownRegions = (
				en,
				Base,
				"zh-Hans",
			);
			mainGroup = FD836C26200E198000C773D9;
			productRefGroup = FD836C30200E198000C773D9 /* Products */;
			projectDirPath = "";
			projectRoot = "";
			targets = (
				FD836C2E200E198000C773D9 /* Scrip */,
			);
		};
/* End PBXProject section */

/* Begin PBXResourcesBuildPhase section */
		FD836C2D200E198000C773D9 /* Resources */ = {
			isa = PBXResourcesBuildPhase;
			buildActionMask = 2147483647;
			files = (
				FD836C3D200E198000C773D9 /* LaunchScreen.storyboard in Resources */,
				FD836C6D200F747000C773D9 /* InfoPlist.strings in Resources */,
				FD836C65200E50B200C773D9 /* CircularPro-Bold.otf in Resources */,
				FD836C5C200E4DB900C773D9 /* Localizable.strings in Resources */,
				FD836C3A200E198000C773D9 /* Assets.xcassets in Resources */,
				FD836C38200E198000C773D9 /* Main.storyboard in Resources */,
				FD836C66200E50B200C773D9 /* CircularPro-Medium.otf in Resources */,
				FD836C64200E50B200C773D9 /* CircularPro-Book.otf in Resources */,
			);
			runOnlyForDeploymentPostprocessing = 0;
		};
/* End PBXResourcesBuildPhase section */

/* Begin PBXShellScriptBuildPhase section */
		614A53C26D24FDD369CBDC55 /* [CP] Embed Pods Frameworks */ = {
			isa = PBXShellScriptBuildPhase;
			buildActionMask = 2147483647;
			files = (
			);
			inputFileListPaths = (
			);
			inputPaths = (
				"${PODS_ROOT}/Target Support Files/Pods-Scrip/Pods-Scrip-frameworks.sh",
				"${BUILT_PRODUCTS_DIR}/RxCocoa/RxCocoa.framework",
				"${BUILT_PRODUCTS_DIR}/RxSwift/RxSwift.framework",
				"${BUILT_PRODUCTS_DIR}/SnapKit/SnapKit.framework",
			);
			name = "[CP] Embed Pods Frameworks";
			outputFileListPaths = (
			);
			outputPaths = (
				"${TARGET_BUILD_DIR}/${FRAMEWORKS_FOLDER_PATH}/RxCocoa.framework",
				"${TARGET_BUILD_DIR}/${FRAMEWORKS_FOLDER_PATH}/RxSwift.framework",
				"${TARGET_BUILD_DIR}/${FRAMEWORKS_FOLDER_PATH}/SnapKit.framework",
			);
			runOnlyForDeploymentPostprocessing = 0;
			shellPath = /bin/sh;
			shellScript = "\"${PODS_ROOT}/Target Support Files/Pods-Scrip/Pods-Scrip-frameworks.sh\"\n";
			showEnvVarsInLog = 0;
		};
		E52780D242A6D01D635A15D4 /* [CP] Check Pods Manifest.lock */ = {
			isa = PBXShellScriptBuildPhase;
			buildActionMask = 2147483647;
			files = (
			);
			inputFileListPaths = (
			);
			inputPaths = (
				"${PODS_PODFILE_DIR_PATH}/Podfile.lock",
				"${PODS_ROOT}/Manifest.lock",
			);
			name = "[CP] Check Pods Manifest.lock";
			outputFileListPaths = (
			);
			outputPaths = (
				"$(DERIVED_FILE_DIR)/Pods-Scrip-checkManifestLockResult.txt",
			);
			runOnlyForDeploymentPostprocessing = 0;
			shellPath = /bin/sh;
			shellScript = "diff \"${PODS_PODFILE_DIR_PATH}/Podfile.lock\" \"${PODS_ROOT}/Manifest.lock\" > /dev/null\nif [ $? != 0 ] ; then\n    # print error to STDERR\n    echo \"error: The sandbox is not in sync with the Podfile.lock. Run 'pod install' or update your CocoaPods installation.\" >&2\n    exit 1\nfi\n# This output is used by Xcode 'outputs' to avoid re-running this script phase.\necho \"SUCCESS\" > \"${SCRIPT_OUTPUT_FILE_0}\"\n";
			showEnvVarsInLog = 0;
		};
/* End PBXShellScriptBuildPhase section */

/* Begin PBXSourcesBuildPhase section */
		FD836C2B200E198000C773D9 /* Sources */ = {
			isa = PBXSourcesBuildPhase;
			buildActionMask = 2147483647;
			files = (
				9F6602D32259DB6200EBDEE0 /* InputViewController.swift in Sources */,
				9FE383CF22C2288400A6D39A /* BaseView.swift in Sources */,
				9F917E3D22A25672000067A4 /* FloatingButton.swift in Sources */,
				FD836C54200E488E00C773D9 /* UIColor+Scrip.swift in Sources */,
				FD836C52200E479400C773D9 /* UILabel+Scrip.swift in Sources */,
				FD836C46200E2A9F00C773D9 /* UIImage+Logo.swift in Sources */,
				FD836C50200E46B600C773D9 /* UIFont+Scrip.swift in Sources */,
				FD836C35200E198000C773D9 /* ViewController.swift in Sources */,
				FD836C4E200E398000C773D9 /* UIView+Constrains.swift in Sources */,
				FD836C4B200E344500C773D9 /* Strings.swift in Sources */,
				9F917E4322A26794000067A4 /* ZZSpeechRecognizer.swift in Sources */,
				FD836C33200E198000C773D9 /* AppDelegate.swift in Sources */,
				FD836C48200E342D00C773D9 /* Constant.swift in Sources */,
			);
			runOnlyForDeploymentPostprocessing = 0;
		};
/* End PBXSourcesBuildPhase section */

/* Begin PBXVariantGroup section */
		FD836C36200E198000C773D9 /* Main.storyboard */ = {
			isa = PBXVariantGroup;
			children = (
				FD836C37200E198000C773D9 /* Base */,
				FD836C55200E4C3C00C773D9 /* zh-Hans */,
			);
			name = Main.storyboard;
			sourceTree = "<group>";
		};
		FD836C3B200E198000C773D9 /* LaunchScreen.storyboard */ = {
			isa = PBXVariantGroup;
			children = (
				FD836C3C200E198000C773D9 /* Base */,
				FD836C56200E4C3C00C773D9 /* zh-Hans */,
			);
			name = LaunchScreen.storyboard;
			sourceTree = "<group>";
		};
		FD836C5E200E4DB900C773D9 /* Localizable.strings */ = {
			isa = PBXVariantGroup;
			children = (
				FD836C5D200E4DB900C773D9 /* en */,
				FD836C5F200E4DBD00C773D9 /* zh-Hans */,
			);
			name = Localizable.strings;
			sourceTree = "<group>";
		};
		FD836C6F200F747000C773D9 /* InfoPlist.strings */ = {
			isa = PBXVariantGroup;
			children = (
				FD836C6E200F747000C773D9 /* en */,
				FD836C70200F747600C773D9 /* zh-Hans */,
			);
			name = InfoPlist.strings;
			sourceTree = "<group>";
		};
/* End PBXVariantGroup section */

/* Begin XCBuildConfiguration section */
		FD836C3F200E198000C773D9 /* Debug */ = {
			isa = XCBuildConfiguration;
			buildSettings = {
				ALWAYS_SEARCH_USER_PATHS = NO;
				CLANG_ANALYZER_LOCALIZABILITY_NONLOCALIZED = YES;
				CLANG_ANALYZER_NONNULL = YES;
				CLANG_ANALYZER_NUMBER_OBJECT_CONVERSION = YES_AGGRESSIVE;
				CLANG_CXX_LANGUAGE_STANDARD = "gnu++14";
				CLANG_CXX_LIBRARY = "libc++";
				CLANG_ENABLE_MODULES = YES;
				CLANG_ENABLE_OBJC_ARC = YES;
				CLANG_WARN_BLOCK_CAPTURE_AUTORELEASING = YES;
				CLANG_WARN_BOOL_CONVERSION = YES;
				CLANG_WARN_COMMA = YES;
				CLANG_WARN_CONSTANT_CONVERSION = YES;
				CLANG_WARN_DEPRECATED_OBJC_IMPLEMENTATIONS = YES;
				CLANG_WARN_DIRECT_OBJC_ISA_USAGE = YES_ERROR;
				CLANG_WARN_DOCUMENTATION_COMMENTS = YES;
				CLANG_WARN_EMPTY_BODY = YES;
				CLANG_WARN_ENUM_CONVERSION = YES;
				CLANG_WARN_INFINITE_RECURSION = YES;
				CLANG_WARN_INT_CONVERSION = YES;
				CLANG_WARN_NON_LITERAL_NULL_CONVERSION = YES;
				CLANG_WARN_OBJC_IMPLICIT_RETAIN_SELF = YES;
				CLANG_WARN_OBJC_LITERAL_CONVERSION = YES;
				CLANG_WARN_OBJC_ROOT_CLASS = YES_ERROR;
				CLANG_WARN_RANGE_LOOP_ANALYSIS = YES;
				CLANG_WARN_STRICT_PROTOTYPES = YES;
				CLANG_WARN_SUSPICIOUS_MOVE = YES;
				CLANG_WARN_UNGUARDED_AVAILABILITY = YES_AGGRESSIVE;
				CLANG_WARN_UNREACHABLE_CODE = YES;
				CLANG_WARN__DUPLICATE_METHOD_MATCH = YES;
				CODE_SIGN_IDENTITY = "iPhone Developer";
				COPY_PHASE_STRIP = NO;
				DEBUG_INFORMATION_FORMAT = dwarf;
				ENABLE_STRICT_OBJC_MSGSEND = YES;
				ENABLE_TESTABILITY = YES;
				GCC_C_LANGUAGE_STANDARD = gnu11;
				GCC_DYNAMIC_NO_PIC = NO;
				GCC_NO_COMMON_BLOCKS = YES;
				GCC_OPTIMIZATION_LEVEL = 0;
				GCC_PREPROCESSOR_DEFINITIONS = (
					"DEBUG=1",
					"$(inherited)",
				);
				GCC_WARN_64_TO_32_BIT_CONVERSION = YES;
				GCC_WARN_ABOUT_RETURN_TYPE = YES_ERROR;
				GCC_WARN_UNDECLARED_SELECTOR = YES;
				GCC_WARN_UNINITIALIZED_AUTOS = YES_AGGRESSIVE;
				GCC_WARN_UNUSED_FUNCTION = YES;
				GCC_WARN_UNUSED_VARIABLE = YES;
				IPHONEOS_DEPLOYMENT_TARGET = 9.0;
				MTL_ENABLE_DEBUG_INFO = YES;
				ONLY_ACTIVE_ARCH = YES;
				SDKROOT = iphoneos;
				SWIFT_ACTIVE_COMPILATION_CONDITIONS = DEBUG;
				SWIFT_OPTIMIZATION_LEVEL = "-Onone";
			};
			name = Debug;
		};
		FD836C40200E198000C773D9 /* Release */ = {
			isa = XCBuildConfiguration;
			buildSettings = {
				ALWAYS_SEARCH_USER_PATHS = NO;
				CLANG_ANALYZER_LOCALIZABILITY_NONLOCALIZED = YES;
				CLANG_ANALYZER_NONNULL = YES;
				CLANG_ANALYZER_NUMBER_OBJECT_CONVERSION = YES_AGGRESSIVE;
				CLANG_CXX_LANGUAGE_STANDARD = "gnu++14";
				CLANG_CXX_LIBRARY = "libc++";
				CLANG_ENABLE_MODULES = YES;
				CLANG_ENABLE_OBJC_ARC = YES;
				CLANG_WARN_BLOCK_CAPTURE_AUTORELEASING = YES;
				CLANG_WARN_BOOL_CONVERSION = YES;
				CLANG_WARN_COMMA = YES;
				CLANG_WARN_CONSTANT_CONVERSION = YES;
				CLANG_WARN_DEPRECATED_OBJC_IMPLEMENTATIONS = YES;
				CLANG_WARN_DIRECT_OBJC_ISA_USAGE = YES_ERROR;
				CLANG_WARN_DOCUMENTATION_COMMENTS = YES;
				CLANG_WARN_EMPTY_BODY = YES;
				CLANG_WARN_ENUM_CONVERSION = YES;
				CLANG_WARN_INFINITE_RECURSION = YES;
				CLANG_WARN_INT_CONVERSION = YES;
				CLANG_WARN_NON_LITERAL_NULL_CONVERSION = YES;
				CLANG_WARN_OBJC_IMPLICIT_RETAIN_SELF = YES;
				CLANG_WARN_OBJC_LITERAL_CONVERSION = YES;
				CLANG_WARN_OBJC_ROOT_CLASS = YES_ERROR;
				CLANG_WARN_RANGE_LOOP_ANALYSIS = YES;
				CLANG_WARN_STRICT_PROTOTYPES = YES;
				CLANG_WARN_SUSPICIOUS_MOVE = YES;
				CLANG_WARN_UNGUARDED_AVAILABILITY = YES_AGGRESSIVE;
				CLANG_WARN_UNREACHABLE_CODE = YES;
				CLANG_WARN__DUPLICATE_METHOD_MATCH = YES;
				CODE_SIGN_IDENTITY = "iPhone Developer";
				COPY_PHASE_STRIP = NO;
				DEBUG_INFORMATION_FORMAT = "dwarf-with-dsym";
				ENABLE_NS_ASSERTIONS = NO;
				ENABLE_STRICT_OBJC_MSGSEND = YES;
				GCC_C_LANGUAGE_STANDARD = gnu11;
				GCC_NO_COMMON_BLOCKS = YES;
				GCC_WARN_64_TO_32_BIT_CONVERSION = YES;
				GCC_WARN_ABOUT_RETURN_TYPE = YES_ERROR;
				GCC_WARN_UNDECLARED_SELECTOR = YES;
				GCC_WARN_UNINITIALIZED_AUTOS = YES_AGGRESSIVE;
				GCC_WARN_UNUSED_FUNCTION = YES;
				GCC_WARN_UNUSED_VARIABLE = YES;
				IPHONEOS_DEPLOYMENT_TARGET = 9.0;
				MTL_ENABLE_DEBUG_INFO = NO;
				SDKROOT = iphoneos;
				SWIFT_OPTIMIZATION_LEVEL = "-Owholemodule";
				VALIDATE_PRODUCT = YES;
			};
			name = Release;
		};
		FD836C42200E198000C773D9 /* Debug */ = {
			isa = XCBuildConfiguration;
			baseConfigurationReference = 08A0A1549A9AD3B49E3C0116 /* Pods-Scrip.debug.xcconfig */;
			buildSettings = {
				ASSETCATALOG_COMPILER_APPICON_NAME = AppIcon;
				CODE_SIGN_STYLE = Manual;
				DEVELOPMENT_TEAM = 5QZKZTWHM6;
				INFOPLIST_FILE = Scrip/Info.plist;
				IPHONEOS_DEPLOYMENT_TARGET = 10.0;
				LD_RUNPATH_SEARCH_PATHS = "$(inherited) @executable_path/Frameworks";
				PRODUCT_BUNDLE_IDENTIFIER = com.zzstudio.scrip;
				PRODUCT_NAME = "$(TARGET_NAME)";
				PROVISIONING_PROFILE_SPECIFIER = devlop_sz;
				SWIFT_VERSION = 5.0;
				TARGETED_DEVICE_FAMILY = 1;
			};
			name = Debug;
		};
		FD836C43200E198000C773D9 /* Release */ = {
			isa = XCBuildConfiguration;
			baseConfigurationReference = 0ACAC3C63E98C9B3CEBFAAC9 /* Pods-Scrip.release.xcconfig */;
			buildSettings = {
				ASSETCATALOG_COMPILER_APPICON_NAME = AppIcon;
				CODE_SIGN_IDENTITY = "iPhone Distribution";
				CODE_SIGN_STYLE = Manual;
				DEVELOPMENT_TEAM = V9QZ497YV9;
				INFOPLIST_FILE = Scrip/Info.plist;
				IPHONEOS_DEPLOYMENT_TARGET = 10.0;
				LD_RUNPATH_SEARCH_PATHS = "$(inherited) @executable_path/Frameworks";
				PRODUCT_BUNDLE_IDENTIFIER = com.zzstudio.scrip;
				PRODUCT_NAME = "$(TARGET_NAME)";
				PROVISIONING_PROFILE_SPECIFIER = enterprize_sz_2020;
				SWIFT_VERSION = 5.0;
				TARGETED_DEVICE_FAMILY = 1;
			};
			name = Release;
		};
/* End XCBuildConfiguration section */

/* Begin XCConfigurationList section */
		FD836C2A200E198000C773D9 /* Build configuration list for PBXProject "Scrip" */ = {
			isa = XCConfigurationList;
			buildConfigurations = (
				FD836C3F200E198000C773D9 /* Debug */,
				FD836C40200E198000C773D9 /* Release */,
			);
			defaultConfigurationIsVisible = 0;
			defaultConfigurationName = Release;
		};
		FD836C41200E198000C773D9 /* Build configuration list for PBXNativeTarget "Scrip" */ = {
			isa = XCConfigurationList;
			buildConfigurations = (
				FD836C42200E198000C773D9 /* Debug */,
				FD836C43200E198000C773D9 /* Release */,
			);
			defaultConfigurationIsVisible = 0;
			defaultConfigurationName = Release;
		};
/* End XCConfigurationList section */
	};
	rootObject = FD836C27200E198000C773D9 /* Project object */;
}
